
Microsoft Visual Studio Solution File, Format Version 12.00
# Visual Studio Version 17
VisualStudioVersion = 17.9.34728.123
MinimumVisualStudioVersion = 10.0.40219.1
Project("{FAE04EC0-301F-11D3-BF4B-00C04F79EFBC}") = "CreditCardManager", "CreditCardManager\CreditCardManager.csproj", "{951D06B6-9B38-4F9A-A551-BCCF9F7FD6FD}"
EndProject
Global
	GlobalSection(SolutionConfigurationPlatforms) = preSolution
		Debug|Any CPU = Debug|Any CPU
		Release|Any CPU = Release|Any CPU
	EndGlobalSection
	GlobalSection(ProjectConfigurationPlatforms) = postSolution
		{951D06B6-9B38-4F9A-A551-BCCF9F7FD6FD}.Debug|Any CPU.ActiveCfg = Debug|Any CPU
		{951D06B6-9B38-4F9A-A551-BCCF9F7FD6FD}.Debug|Any CPU.Build.0 = Debug|Any CPU
		{951D06B6-9B38-4F9A-A551-BCCF9F7FD6FD}.Release|Any CPU.ActiveCfg = Release|Any CPU
		{951D06B6-9B38-4F9A-A551-BCCF9F7FD6FD}.Release|Any CPU.Build.0 = Release|Any CPU
	EndGlobalSection
	GlobalSection(SolutionProperties) = preSolution
		HideSolutionNode = FALSE
	EndGlobalSection
	GlobalSection(ExtensibilityGlobals) = postSolution
		SolutionGuid = {E334367B-7CC8-48B5-AB51-821AF83049D3}
	EndGlobalSection
EndGlobal
